// !$*UTF8*$!
{
	archiveVersion = 1;
	classes = {
	};
	objectVersion = 55;
	objects = {

/* Begin PBXBuildFile section */
		BD9296B928A56DC900D5FF8E /* AppDelegate.swift in Sources */ = {isa = PBXBuildFile; fileRef = BD9296B828A56DC900D5FF8E /* AppDelegate.swift */; };
		BD9296BB28A56DC900D5FF8E /* SceneDelegate.swift in Sources */ = {isa = PBXBuildFile; fileRef = BD9296BA28A56DC900D5FF8E /* SceneDelegate.swift */; };
		BD9296BD28A56DC900D5FF8E /* ViewController.swift in Sources */ = {isa = PBXBuildFile; fileRef = BD9296BC28A56DC900D5FF8E /* ViewController.swift */; };
		BD9296C028A56DC900D5FF8E /* Main.storyboard in Resources */ = {isa = PBXBuildFile; fileRef = BD9296BE28A56DC900D5FF8E /* Main.storyboard */; };
		BD9296C328A56DC900D5FF8E /* MiniProject2.xcdatamodeld in Sources */ = {isa = PBXBuildFile; fileRef = BD9296C128A56DC900D5FF8E /* MiniProject2.xcdatamodeld */; };
		BD9296C528A56DCA00D5FF8E /* Assets.xcassets in Resources */ = {isa = PBXBuildFile; fileRef = BD9296C428A56DCA00D5FF8E /* Assets.xcassets */; };
		BD9296C828A56DCA00D5FF8E /* LaunchScreen.storyboard in Resources */ = {isa = PBXBuildFile; fileRef = BD9296C628A56DCA00D5FF8E /* LaunchScreen.storyboard */; };
		BD9296D028A573E300D5FF8E /* ViewController2.swift in Sources */ = {isa = PBXBuildFile; fileRef = BD9296CF28A573E300D5FF8E /* ViewController2.swift */; };
		BD9296D228A5740500D5FF8E /* ViewController3.swift in Sources */ = {isa = PBXBuildFile; fileRef = BD9296D128A5740500D5FF8E /* ViewController3.swift */; };
		BD9296D428A5742B00D5FF8E /* ViewController4.swift in Sources */ = {isa = PBXBuildFile; fileRef = BD9296D328A5742B00D5FF8E /* ViewController4.swift */; };
/* End PBXBuildFile section */

/* Begin PBXFileReference section */
		BD9296B528A56DC900D5FF8E /* MiniProject2.app */ = {isa = PBXFileReference; explicitFileType = wrapper.application; includeInIndex = 0; path = MiniProject2.app; sourceTree = BUILT_PRODUCTS_DIR; };
		BD9296B828A56DC900D5FF8E /* AppDelegate.swift */ = {isa = PBXFileReference; lastKnownFileType = sourcecode.swift; path = AppDelegate.swift; sourceTree = "<group>"; };
		BD9296BA28A56DC900D5FF8E /* SceneDelegate.swift */ = {isa = PBXFileReference; lastKnownFileType = sourcecode.swift; path = SceneDelegate.swift; sourceTree = "<group>"; };
		BD9296BC28A56DC900D5FF8E /* ViewController.swift */ = {isa = PBXFileReference; lastKnownFileType = sourcecode.swift; path = ViewController.swift; sourceTree = "<group>"; };
		BD9296BF28A56DC900D5FF8E /* Base */ = {isa = PBXFileReference; lastKnownFileType = file.storyboard; name = Base; path = Base.lproj/Main.storyboard; sourceTree = "<group>"; };
		BD9296C228A56DC900D5FF8E /* MiniProject2.xcdatamodel */ = {isa = PBXFileReference; lastKnownFileType = wrapper.xcdatamodel; path = MiniProject2.xcdatamodel; sourceTree = "<group>"; };
		BD9296C428A56DCA00D5FF8E /* Assets.xcassets */ = {isa = PBXFileReference; lastKnownFileType = folder.assetcatalog; path = Assets.xcassets; sourceTree = "<group>"; };
		BD9296C728A56DCA00D5FF8E /* Base */ = {isa = PBXFileReference; lastKnownFileType = file.storyboard; name = Base; path = Base.lproj/LaunchScreen.storyboard; sourceTree = "<group>"; };
		BD9296C928A56DCA00D5FF8E /* Info.plist */ = {isa = PBXFileReference; lastKnownFileType = text.plist.xml; path = Info.plist; sourceTree = "<group>"; };
		BD9296CF28A573E300D5FF8E /* ViewController2.swift */ = {isa = PBXFileReference; lastKnownFileType = sourcecode.swift; path = ViewController2.swift; sourceTree = "<group>"; };
		BD9296D128A5740500D5FF8E /* ViewController3.swift */ = {isa = PBXFileReference; lastKnownFileType = sourcecode.swift; path = ViewController3.swift; sourceTree = "<group>"; };
		BD9296D328A5742B00D5FF8E /* ViewController4.swift */ = {isa = PBXFileReference; lastKnownFileType = sourcecode.swift; path = ViewController4.swift; sourceTree = "<group>"; };
/* End PBXFileReference section */

/* Begin PBXFrameworksBuildPhase section */
		BD9296B228A56DC900D5FF8E /* Frameworks */ = {
			isa = PBXFrameworksBuildPhase;
			buildActionMask = 2147483647;
			files = (
			);
			runOnlyForDeploymentPostprocessing = 0;
		};
/* End PBXFrameworksBuildPhase section */

/* Begin PBXGroup section */
		BD9296AC28A56DC900D5FF8E = {
			isa = PBXGroup;
			children = (
				BD9296B728A56DC900D5FF8E /* MiniProject2 */,
				BD9296B628A56DC900D5FF8E /* Products */,
			);
			sourceTree = "<group>";
		};
		BD9296B628A56DC900D5FF8E /* Products */ = {
			isa = PBXGroup;
			children = (
				BD9296B528A56DC900D5FF8E /* MiniProject2.app */,
			);
			name = Products;
			sourceTree = "<group>";
		};
		BD9296B728A56DC900D5FF8E /* MiniProject2 */ = {
			isa = PBXGroup;
			children = (
				BD9296B828A56DC900D5FF8E /* AppDelegate.swift */,
				BD9296BA28A56DC900D5FF8E /* SceneDelegate.swift */,
				BD9296BC28A56DC900D5FF8E /* ViewController.swift */,
				BD9296CF28A573E300D5FF8E /* ViewController2.swift */,
				BD9296D128A5740500D5FF8E /* ViewController3.swift */,
				BD9296D328A5742B00D5FF8E /* ViewController4.swift */,
				BD9296BE28A56DC900D5FF8E /* Main.storyboard */,
				BD9296C428A56DCA00D5FF8E /* Assets.xcassets */,
				BD9296C628A56DCA00D5FF8E /* LaunchScreen.storyboard */,
				BD9296C928A56DCA00D5FF8E /* Info.plist */,
				BD9296C128A56DC900D5FF8E /* MiniProject2.xcdatamodeld */,
			);
			path = MiniProject2;
			sourceTree = "<group>";
		};
/* End PBXGroup section */

/* Begin PBXNativeTarget section */
		BD9296B428A56DC900D5FF8E /* MiniProject2 */ = {
			isa = PBXNativeTarget;
			buildConfigurationList = BD9296CC28A56DCA00D5FF8E /* Build configuration list for PBXNativeTarget "MiniProject2" */;
			buildPhases = (
				BD9296B128A56DC900D5FF8E /* Sources */,
				BD9296B228A56DC900D5FF8E /* Frameworks */,
				BD9296B328A56DC900D5FF8E /* Resources */,
			);
			buildRules = (
			);
			dependencies = (
			);
			name = MiniProject2;
			productName = MiniProject2;
			productReference = BD9296B528A56DC900D5FF8E /* MiniProject2.app */;
			productType = "com.apple.product-type.application";
		};
/* End PBXNativeTarget section */

/* Begin PBXProject section */
		BD9296AD28A56DC900D5FF8E /* Project object */ = {
			isa = PBXProject;
			attributes = {
				BuildIndependentTargetsInParallel = 1;
				LastSwiftUpdateCheck = 1340;
				LastUpgradeCheck = 1340;
				TargetAttributes = {
					BD9296B428A56DC900D5FF8E = {
						CreatedOnToolsVersion = 13.4.1;
					};
				};
			};
			buildConfigurationList = BD9296B028A56DC900D5FF8E /* Build configuration list for PBXProject "MiniProject2" */;
			compatibilityVersion = "Xcode 13.0";
			developmentRegion = en;
			hasScannedForEncodings = 0;
			knownRegions = (
				en,
				Base,
			);
			mainGroup = BD9296AC28A56DC900D5FF8E;
			productRefGroup = BD9296B628A56DC900D5FF8E /* Products */;
			projectDirPath = "";
			projectRoot = "";
			targets = (
				BD9296B428A56DC900D5FF8E /* MiniProject2 */,
			);
		};
/* End PBXProject section */

/* Begin PBXResourcesBuildPhase section */
		BD9296B328A56DC900D5FF8E /* Resources */ = {
			isa = PBXResourcesBuildPhase;
			buildActionMask = 2147483647;
			files = (
				BD9296C828A56DCA00D5FF8E /* LaunchScreen.storyboard in Resources */,
				BD9296C528A56DCA00D5FF8E /* Assets.xcassets in Resources */,
				BD9296C028A56DC900D5FF8E /* Main.storyboard in Resources */,
			);
			runOnlyForDeploymentPostprocessing = 0;
		};
/* End PBXResourcesBuildPhase section */

/* Begin PBXSourcesBuildPhase section */
		BD9296B128A56DC900D5FF8E /* Sources */ = {
			isa = PBXSourcesBuildPhase;
			buildActionMask = 2147483647;
			files = (
				BD9296D028A573E300D5FF8E /* ViewController2.swift in Sources */,
				BD9296D428A5742B00D5FF8E /* ViewController4.swift in Sources */,
				BD9296BD28A56DC900D5FF8E /* ViewController.swift in Sources */,
				BD9296D228A5740500D5FF8E /* ViewController3.swift in Sources */,
				BD9296B928A56DC900D5FF8E /* AppDelegate.swift in Sources */,
				BD9296BB28A56DC900D5FF8E /* SceneDelegate.swift in Sources */,
				BD9296C328A56DC900D5FF8E /* MiniProject2.xcdatamodeld in Sources */,
			);
			runOnlyForDeploymentPostprocessing = 0;
		};
/* End PBXSourcesBuildPhase section */

/* Begin PBXVariantGroup section */
		BD9296BE28A56DC900D5FF8E /* Main.storyboard */ = {
			isa = PBXVariantGroup;
			children = (
				BD9296BF28A56DC900D5FF8E /* Base */,
			);
			name = Main.storyboard;
			sourceTree = "<group>";
		};
		BD9296C628A56DCA00D5FF8E /* LaunchScreen.storyboard */ = {
			isa = PBXVariantGroup;
			children = (
				BD9296C728A56DCA00D5FF8E /* Base */,
			);
			name = LaunchScreen.storyboard;
			sourceTree = "<group>";
		};
/* End PBXVariantGroup section */

/* Begin XCBuildConfiguration section */
		BD9296CA28A56DCA00D5FF8E /* Debug */ = {
			isa = XCBuildConfiguration;
			buildSettings = {
				ALWAYS_SEARCH_USER_PATHS = NO;
				CLANG_ANALYZER_NONNULL = YES;
				CLANG_ANALYZER_NUMBER_OBJECT_CONVERSION = YES_AGGRESSIVE;
				CLANG_CXX_LANGUAGE_STANDARD = "gnu++17";
				CLANG_ENABLE_MODULES = YES;
				CLANG_ENABLE_OBJC_ARC = YES;
				CLANG_ENABLE_OBJC_WEAK = YES;
				CLANG_WARN_BLOCK_CAPTURE_AUTORELEASING = YES;
				CLANG_WARN_BOOL_CONVERSION = YES;
				CLANG_WARN_COMMA = YES;
				CLANG_WARN_CONSTANT_CONVERSION = YES;
				CLANG_WARN_DEPRECATED_OBJC_IMPLEMENTATIONS = YES;
				CLANG_WARN_DIRECT_OBJC_ISA_USAGE = YES_ERROR;
				CLANG_WARN_DOCUMENTATION_COMMENTS = YES;
				CLANG_WARN_EMPTY_BODY = YES;
				CLANG_WARN_ENUM_CONVERSION = YES;
				CLANG_WARN_INFINITE_RECURSION = YES;
				CLANG_WARN_INT_CONVERSION = YES;
				CLANG_WARN_NON_LITERAL_NULL_CONVERSION = YES;
				CLANG_WARN_OBJC_IMPLICIT_RETAIN_SELF = YES;
				CLANG_WARN_OBJC_LITERAL_CONVERSION = YES;
				CLANG_WARN_OBJC_ROOT_CLASS = YES_ERROR;
				CLANG_WARN_QUOTED_INCLUDE_IN_FRAMEWORK_HEADER = YES;
				CLANG_WARN_RANGE_LOOP_ANALYSIS = YES;
				CLANG_WARN_STRICT_PROTOTYPES = YES;
				CLANG_WARN_SUSPICIOUS_MOVE = YES;
				CLANG_WARN_UNGUARDED_AVAILABILITY = YES_AGGRESSIVE;
				CLANG_WARN_UNREACHABLE_CODE = YES;
				CLANG_WARN__DUPLICATE_METHOD_MATCH = YES;
				COPY_PHASE_STRIP = NO;
				DEBUG_INFORMATION_FORMAT = dwarf;
				ENABLE_STRICT_OBJC_MSGSEND = YES;
				ENABLE_TESTABILITY = YES;
				GCC_C_LANGUAGE_STANDARD = gnu11;
				GCC_DYNAMIC_NO_PIC = NO;
				GCC_NO_COMMON_BLOCKS = YES;
				GCC_OPTIMIZATION_LEVEL = 0;
				GCC_PREPROCESSOR_DEFINITIONS = (
					"DEBUG=1",
					"$(inherited)",
				);
				GCC_WARN_64_TO_32_BIT_CONVERSION = YES;
				GCC_WARN_ABOUT_RETURN_TYPE = YES_ERROR;
				GCC_WARN_UNDECLARED_SELECTOR = YES;
				GCC_WARN_UNINITIALIZED_AUTOS = YES_AGGRESSIVE;
				GCC_WARN_UNUSED_FUNCTION = YES;
				GCC_WARN_UNUSED_VARIABLE = YES;
				IPHONEOS_DEPLOYMENT_TARGET = 15.5;
				MTL_ENABLE_DEBUG_INFO = INCLUDE_SOURCE;
				MTL_FAST_MATH = YES;
				ONLY_ACTIVE_ARCH = YES;
				SDKROOT = iphoneos;
				SWIFT_ACTIVE_COMPILATION_CONDITIONS = DEBUG;
				SWIFT_OPTIMIZATION_LEVEL = "-Onone";
			};
			name = Debug;
		};
		BD9296CB28A56DCA00D5FF8E /* Release */ = {
			isa = XCBuildConfiguration;
			buildSettings = {
				ALWAYS_SEARCH_USER_PATHS = NO;
				CLANG_ANALYZER_NONNULL = YES;
				CLANG_ANALYZER_NUMBER_OBJECT_CONVERSION = YES_AGGRESSIVE;
				CLANG_CXX_LANGUAGE_STANDARD = "gnu++17";
				CLANG_ENABLE_MODULES = YES;
				CLANG_ENABLE_OBJC_ARC = YES;
				CLANG_ENABLE_OBJC_WEAK = YES;
				CLANG_WARN_BLOCK_CAPTURE_AUTORELEASING = YES;
				CLANG_WARN_BOOL_CONVERSION = YES;
				CLANG_WARN_COMMA = YES;
				CLANG_WARN_CONSTANT_CONVERSION = YES;
				CLANG_WARN_DEPRECATED_OBJC_IMPLEMENTATIONS = YES;
				CLANG_WARN_DIRECT_OBJC_ISA_USAGE = YES_ERROR;
				CLANG_WARN_DOCUMENTATION_COMMENTS = YES;
				CLANG_WARN_EMPTY_BODY = YES;
				CLANG_WARN_ENUM_CONVERSION = YES;
				CLANG_WARN_INFINITE_RECURSION = YES;
				CLANG_WARN_INT_CONVERSION = YES;
				CLANG_WARN_NON_LITERAL_NULL_CONVERSION = YES;
				CLANG_WARN_OBJC_IMPLICIT_RETAIN_SELF = YES;
				CLANG_WARN_OBJC_LITERAL_CONVERSION = YES;
				CLANG_WARN_OBJC_ROOT_CLASS = YES_ERROR;
				CLANG_WARN_QUOTED_INCLUDE_IN_FRAMEWORK_HEADER = YES;
				CLANG_WARN_RANGE_LOOP_ANALYSIS = YES;
				CLANG_WARN_STRICT_PROTOTYPES = YES;
				CLANG_WARN_SUSPICIOUS_MOVE = YES;
				CLANG_WARN_UNGUARDED_AVAILABILITY = YES_AGGRESSIVE;
				CLANG_WARN_UNREACHABLE_CODE = YES;
				CLANG_WARN__DUPLICATE_METHOD_MATCH = YES;
				COPY_PHASE_STRIP = NO;
				DEBUG_INFORMATION_FORMAT = "dwarf-with-dsym";
				ENABLE_NS_ASSERTIONS = NO;
				ENABLE_STRICT_OBJC_MSGSEND = YES;
				GCC_C_LANGUAGE_STANDARD = gnu11;
				GCC_NO_COMMON_BLOCKS = YES;
				GCC_WARN_64_TO_32_BIT_CONVERSION = YES;
				GCC_WARN_ABOUT_RETURN_TYPE = YES_ERROR;
				GCC_WARN_UNDECLARED_SELECTOR = YES;
				GCC_WARN_UNINITIALIZED_AUTOS = YES_AGGRESSIVE;
				GCC_WARN_UNUSED_FUNCTION = YES;
				GCC_WARN_UNUSED_VARIABLE = YES;
				IPHONEOS_DEPLOYMENT_TARGET = 15.5;
				MTL_ENABLE_DEBUG_INFO = NO;
				MTL_FAST_MATH = YES;
				SDKROOT = iphoneos;
				SWIFT_COMPILATION_MODE = wholemodule;
				SWIFT_OPTIMIZATION_LEVEL = "-O";
				VALIDATE_PRODUCT = YES;
			};
			name = Release;
		};
		BD9296CD28A56DCA00D5FF8E /* Debug */ = {
			isa = XCBuildConfiguration;
			buildSettings = {
				ASSETCATALOG_COMPILER_APPICON_NAME = AppIcon;
				ASSETCATALOG_COMPILER_GLOBAL_ACCENT_COLOR_NAME = AccentColor;
				CODE_SIGN_STYLE = Automatic;
				CURRENT_PROJECT_VERSION = 1;
				GENERATE_INFOPLIST_FILE = YES;
				INFOPLIST_FILE = MiniProject2/Info.plist;
				INFOPLIST_KEY_UIApplicationSupportsIndirectInputEvents = YES;
				INFOPLIST_KEY_UILaunchStoryboardName = LaunchScreen;
				INFOPLIST_KEY_UIMainStoryboardFile = Main;
				INFOPLIST_KEY_UISupportedInterfaceOrientations_iPad = "UIInterfaceOrientationPortrait UIInterfaceOrientationPortraitUpsideDown UIInterfaceOrientationLandscapeLeft UIInterfaceOrientationLandscapeRight";
				INFOPLIST_KEY_UISupportedInterfaceOrientations_iPhone = "UIInterfaceOrientationPortrait UIInterfaceOrientationLandscapeLeft UIInterfaceOrientationLandscapeRight";
				LD_RUNPATH_SEARCH_PATHS = (
					"$(inherited)",
					"@executable_path/Frameworks",
				);
				MARKETING_VERSION = 1.0;
				PRODUCT_BUNDLE_IDENTIFIER = KWK.MiniProject2;
				PRODUCT_NAME = "$(TARGET_NAME)";
				SWIFT_EMIT_LOC_STRINGS = YES;
				SWIFT_VERSION = 5.0;
				TARGETED_DEVICE_FAMILY = "1,2";
			};
			name = Debug;
		};
		BD9296CE28A56DCA00D5FF8E /* Release */ = {
			isa = XCBuildConfiguration;
			buildSettings = {
				ASSETCATALOG_COMPILER_APPICON_NAME = AppIcon;
				ASSETCATALOG_COMPILER_GLOBAL_ACCENT_COLOR_NAME = AccentColor;
				CODE_SIGN_STYLE = Automatic;
				CURRENT_PROJECT_VERSION = 1;
				GENERATE_INFOPLIST_FILE = YES;
				INFOPLIST_FILE = MiniProject2/Info.plist;
				INFOPLIST_KEY_UIApplicationSupportsIndirectInputEvents = YES;
				INFOPLIST_KEY_UILaunchStoryboardName = LaunchScreen;
				INFOPLIST_KEY_UIMainStoryboardFile = Main;
				INFOPLIST_KEY_UISupportedInterfaceOrientations_iPad = "UIInterfaceOrientationPortrait UIInterfaceOrientationPortraitUpsideDown UIInterfaceOrientationLandscapeLeft UIInterfaceOrientationLandscapeRight";
				INFOPLIST_KEY_UISupportedInterfaceOrientations_iPhone = "UIInterfaceOrientationPortrait UIInterfaceOrientationLandscapeLeft UIInterfaceOrientationLandscapeRight";
				LD_RUNPATH_SEARCH_PATHS = (
					"$(inherited)",
					"@executable_path/Frameworks",
				);
				MARKETING_VERSION = 1.0;
				PRODUCT_BUNDLE_IDENTIFIER = KWK.MiniProject2;
				PRODUCT_NAME = "$(TARGET_NAME)";
				SWIFT_EMIT_LOC_STRINGS = YES;
				SWIFT_VERSION = 5.0;
				TARGETED_DEVICE_FAMILY = "1,2";
			};
			name = Release;
		};
/* End XCBuildConfiguration section */

/* Begin XCConfigurationList section */
		BD9296B028A56DC900D5FF8E /* Build configuration list for PBXProject "MiniProject2" */ = {
			isa = XCConfigurationList;
			buildConfigurations = (
				BD9296CA28A56DCA00D5FF8E /* Debug */,
				BD9296CB28A56DCA00D5FF8E /* Release */,
			);
			defaultConfigurationIsVisible = 0;
			defaultConfigurationName = Release;
		};
		BD9296CC28A56DCA00D5FF8E /* Build configuration list for PBXNativeTarget "MiniProject2" */ = {
			isa = XCConfigurationList;
			buildConfigurations = (
				BD9296CD28A56DCA00D5FF8E /* Debug */,
				BD9296CE28A56DCA00D5FF8E /* Release */,
			);
			defaultConfigurationIsVisible = 0;
			defaultConfigurationName = Release;
		};
/* End XCConfigurationList section */

/* Begin XCVersionGroup section */
		BD9296C128A56DC900D5FF8E /* MiniProject2.xcdatamodeld */ = {
			isa = XCVersionGroup;
			children = (
				BD9296C228A56DC900D5FF8E /* MiniProject2.xcdatamodel */,
			);
			currentVersion = BD9296C228A56DC900D5FF8E /* MiniProject2.xcdatamodel */;
			path = MiniProject2.xcdatamodeld;
			sourceTree = "<group>";
			versionGroupType = wrapper.xcdatamodel;
		};
/* End XCVersionGroup section */
	};
	rootObject = BD9296AD28A56DC900D5FF8E /* Project object */;
}
